
Microsoft Visual Studio Solution File, Format Version 12.00
# Visual Studio Version 17
VisualStudioVersion = 17.0.31903.59
MinimumVisualStudioVersion = 10.0.40219.1
Project("{FAE04EC0-301F-11D3-BF4B-00C04F79EFBC}") = "FileManagement.WebAPI", "FileManagement.WebAPI\FileManagement.WebAPI.csproj", "{0E6D14EF-60CF-4712-A766-A863AB65ADAF}"
EndProject
Project("{FAE04EC0-301F-11D3-BF4B-00C04F79EFBC}") = "FileManagement.Web", "FileManagement.Web\FileManagement.Web.csproj", "{1F205795-CA09-492D-886D-2378D5F276CC}"
EndProject
Global
	GlobalSection(SolutionConfigurationPlatforms) = preSolution
		Debug|Any CPU = Debug|Any CPU
		Release|Any CPU = Release|Any CPU
	EndGlobalSection
	GlobalSection(ProjectConfigurationPlatforms) = postSolution
		{0E6D14EF-60CF-4712-A766-A863AB65ADAF}.Debug|Any CPU.ActiveCfg = Debug|Any CPU
		{0E6D14EF-60CF-4712-A766-A863AB65ADAF}.Debug|Any CPU.Build.0 = Debug|Any CPU
		{0E6D14EF-60CF-4712-A766-A863AB65ADAF}.Release|Any CPU.ActiveCfg = Release|Any CPU
		{0E6D14EF-60CF-4712-A766-A863AB65ADAF}.Release|Any CPU.Build.0 = Release|Any CPU
		{1F205795-CA09-492D-886D-2378D5F276CC}.Debug|Any CPU.ActiveCfg = Debug|Any CPU
		{1F205795-CA09-492D-886D-2378D5F276CC}.Debug|Any CPU.Build.0 = Debug|Any CPU
		{1F205795-CA09-492D-886D-2378D5F276CC}.Release|Any CPU.ActiveCfg = Release|Any CPU
		{1F205795-CA09-492D-886D-2378D5F276CC}.Release|Any CPU.Build.0 = Release|Any CPU
	EndGlobalSection
	GlobalSection(SolutionProperties) = preSolution
		HideSolutionNode = FALSE
	EndGlobalSection
	GlobalSection(ExtensibilityGlobals) = postSolution
		SolutionGuid = {698EF8B5-0F39-433F-BB9C-96304E6C15FB}
	EndGlobalSection
EndGlobal
